
Microsoft Visual Studio Solution File, Format Version 12.00
# Visual Studio Version 17
VisualStudioVersion = 17.13.35931.197 d17.13
MinimumVisualStudioVersion = 10.0.40219.1
Project("{FAE04EC0-301F-11D3-BF4B-00C04F79EFBC}") = "ASPCoreWebAPICRUD", "ASPCoreWebAPICRUD\ASPCoreWebAPICRUD.csproj", "{7199C097-FFDE-4ACB-A221-38905392FE1D}"
EndProject
Global
	GlobalSection(SolutionConfigurationPlatforms) = preSolution
		Debug|Any CPU = Debug|Any CPU
		Release|Any CPU = Release|Any CPU
	EndGlobalSection
	GlobalSection(ProjectConfigurationPlatforms) = postSolution
		{7199C097-FFDE-4ACB-A221-38905392FE1D}.Debug|Any CPU.ActiveCfg = Debug|Any CPU
		{7199C097-FFDE-4ACB-A221-38905392FE1D}.Debug|Any CPU.Build.0 = Debug|Any CPU
		{7199C097-FFDE-4ACB-A221-38905392FE1D}.Release|Any CPU.ActiveCfg = Release|Any CPU
		{7199C097-FFDE-4ACB-A221-38905392FE1D}.Release|Any CPU.Build.0 = Release|Any CPU
	EndGlobalSection
	GlobalSection(SolutionProperties) = preSolution
		HideSolutionNode = FALSE
	EndGlobalSection
	GlobalSection(ExtensibilityGlobals) = postSolution
		SolutionGuid = {477989CA-8BE1-48C1-8617-B2906EAD81B1}
	EndGlobalSection
EndGlobal
